
Microsoft Visual Studio Solution File, Format Version 12.00
# Visual Studio Express 2012 for Windows Desktop
Project("{FAE04EC0-301F-11D3-BF4B-00C04F79EFBC}") = "XML Editor", "XML Editor\XML Editor.csproj", "{33693B74-8996-4F02-A752-CEE3B457B3C7}"
EndProject
Global
	GlobalSection(SolutionConfigurationPlatforms) = preSolution
		Debug|Any CPU = Debug|Any CPU
		Release|Any CPU = Release|Any CPU
	EndGlobalSection
	GlobalSection(ProjectConfigurationPlatforms) = postSolution
		{33693B74-8996-4F02-A752-CEE3B457B3C7}.Debug|Any CPU.ActiveCfg = Debug|Any CPU
		{33693B74-8996-4F02-A752-CEE3B457B3C7}.Debug|Any CPU.Build.0 = Debug|Any CPU
		{33693B74-8996-4F02-A752-CEE3B457B3C7}.Release|Any CPU.ActiveCfg = Release|Any CPU
		{33693B74-8996-4F02-A752-CEE3B457B3C7}.Release|Any CPU.Build.0 = Release|Any CPU
	EndGlobalSection
	GlobalSection(SolutionProperties) = preSolution
		HideSolutionNode = FALSE
	EndGlobalSection
EndGlobal
